
Microsoft Visual Studio Solution File, Format Version 12.00
# Visual Studio Version 17
VisualStudioVersion = 17.1.32228.430
MinimumVisualStudioVersion = 10.0.40219.1
Project("{2150E333-8FDC-42A3-9474-1A3956D46DE8}") = "FrontEnd", "FrontEnd", "{D7123304-DDF3-41E6-8697-C6CBCDFDC6C9}"
EndProject
Project("{FAE04EC0-301F-11D3-BF4B-00C04F79EFBC}") = "Mango.Web", "Mango.Web\Mango.Web.csproj", "{324EC58C-BE17-4BC1-9013-D34F04A6AD61}"
EndProject
Project("{2150E333-8FDC-42A3-9474-1A3956D46DE8}") = "Services", "Services", "{738A5780-EC4C-4D0B-8B0E-24BED5181B5A}"
EndProject
Project("{FAE04EC0-301F-11D3-BF4B-00C04F79EFBC}") = "Mango.Serivices.ProductAPI", "Mango.Serivices.ProductAPI\Mango.Serivices.ProductAPI.csproj", "{583BE018-4AFD-4199-8604-245EBD52AA78}"
EndProject
Global
	GlobalSection(SolutionConfigurationPlatforms) = preSolution
		Debug|Any CPU = Debug|Any CPU
		Release|Any CPU = Release|Any CPU
	EndGlobalSection
	GlobalSection(ProjectConfigurationPlatforms) = postSolution
		{324EC58C-BE17-4BC1-9013-D34F04A6AD61}.Debug|Any CPU.ActiveCfg = Debug|Any CPU
		{324EC58C-BE17-4BC1-9013-D34F04A6AD61}.Debug|Any CPU.Build.0 = Debug|Any CPU
		{324EC58C-BE17-4BC1-9013-D34F04A6AD61}.Release|Any CPU.ActiveCfg = Release|Any CPU
		{324EC58C-BE17-4BC1-9013-D34F04A6AD61}.Release|Any CPU.Build.0 = Release|Any CPU
		{583BE018-4AFD-4199-8604-245EBD52AA78}.Debug|Any CPU.ActiveCfg = Debug|Any CPU
		{583BE018-4AFD-4199-8604-245EBD52AA78}.Debug|Any CPU.Build.0 = Debug|Any CPU
		{583BE018-4AFD-4199-8604-245EBD52AA78}.Release|Any CPU.ActiveCfg = Release|Any CPU
		{583BE018-4AFD-4199-8604-245EBD52AA78}.Release|Any CPU.Build.0 = Release|Any CPU
	EndGlobalSection
	GlobalSection(SolutionProperties) = preSolution
		HideSolutionNode = FALSE
	EndGlobalSection
	GlobalSection(NestedProjects) = preSolution
		{324EC58C-BE17-4BC1-9013-D34F04A6AD61} = {D7123304-DDF3-41E6-8697-C6CBCDFDC6C9}
		{583BE018-4AFD-4199-8604-245EBD52AA78} = {738A5780-EC4C-4D0B-8B0E-24BED5181B5A}
	EndGlobalSection
	GlobalSection(ExtensibilityGlobals) = postSolution
		SolutionGuid = {F37784DC-DFFF-451A-BEE5-3DC3E42FA420}
	EndGlobalSection
EndGlobal
